
Microsoft Visual Studio Solution File, Format Version 12.00
# Visual Studio 15
VisualStudioVersion = 15.0.28307.421
MinimumVisualStudioVersion = 10.0.40219.1
Project("{A07B5EB6-E848-4116-A8D0-A826331D98C6}") = "AzureServiceFabric.TechTalk.Ingest.Sf", "AzureServiceFabric.TechTalk.Ingest.Sf\AzureServiceFabric.TechTalk.Ingest.Sf.sfproj", "{9F3E2088-494D-4C92-855B-DEEA6CDEB4B7}"
EndProject
Project("{9A19103F-16F7-4668-BE54-9A1E7A4F7556}") = "AzureServiceFabric.TechTalk.Ingest.API", "AzureServiceFabric.TechTalk.Ingest.API\AzureServiceFabric.TechTalk.Ingest.API.csproj", "{73023211-5CC6-409B-9A32-8C5834F190E9}"
EndProject
Project("{9A19103F-16F7-4668-BE54-9A1E7A4F7556}") = "AzureServiceFabric.TechTalk.Ingest", "AzureServiceFabric.TechTalk.Ingest\AzureServiceFabric.TechTalk.Ingest.csproj", "{C0CC1A95-EB15-403C-A6F2-20C36E504CED}"
EndProject
Global
	GlobalSection(SolutionConfigurationPlatforms) = preSolution
		Debug|Any CPU = Debug|Any CPU
		Debug|x64 = Debug|x64
		Release|Any CPU = Release|Any CPU
		Release|x64 = Release|x64
	EndGlobalSection
	GlobalSection(ProjectConfigurationPlatforms) = postSolution
		{9F3E2088-494D-4C92-855B-DEEA6CDEB4B7}.Debug|Any CPU.ActiveCfg = Debug|x64
		{9F3E2088-494D-4C92-855B-DEEA6CDEB4B7}.Debug|x64.ActiveCfg = Debug|x64
		{9F3E2088-494D-4C92-855B-DEEA6CDEB4B7}.Debug|x64.Build.0 = Debug|x64
		{9F3E2088-494D-4C92-855B-DEEA6CDEB4B7}.Debug|x64.Deploy.0 = Debug|x64
		{9F3E2088-494D-4C92-855B-DEEA6CDEB4B7}.Release|Any CPU.ActiveCfg = Release|x64
		{9F3E2088-494D-4C92-855B-DEEA6CDEB4B7}.Release|x64.ActiveCfg = Release|x64
		{9F3E2088-494D-4C92-855B-DEEA6CDEB4B7}.Release|x64.Build.0 = Release|x64
		{9F3E2088-494D-4C92-855B-DEEA6CDEB4B7}.Release|x64.Deploy.0 = Release|x64
		{73023211-5CC6-409B-9A32-8C5834F190E9}.Debug|Any CPU.ActiveCfg = Debug|Any CPU
		{73023211-5CC6-409B-9A32-8C5834F190E9}.Debug|Any CPU.Build.0 = Debug|Any CPU
		{73023211-5CC6-409B-9A32-8C5834F190E9}.Debug|x64.ActiveCfg = Debug|Any CPU
		{73023211-5CC6-409B-9A32-8C5834F190E9}.Debug|x64.Build.0 = Debug|Any CPU
		{73023211-5CC6-409B-9A32-8C5834F190E9}.Release|Any CPU.ActiveCfg = Release|Any CPU
		{73023211-5CC6-409B-9A32-8C5834F190E9}.Release|Any CPU.Build.0 = Release|Any CPU
		{73023211-5CC6-409B-9A32-8C5834F190E9}.Release|x64.ActiveCfg = Release|Any CPU
		{73023211-5CC6-409B-9A32-8C5834F190E9}.Release|x64.Build.0 = Release|Any CPU
		{C0CC1A95-EB15-403C-A6F2-20C36E504CED}.Debug|Any CPU.ActiveCfg = Debug|Any CPU
		{C0CC1A95-EB15-403C-A6F2-20C36E504CED}.Debug|Any CPU.Build.0 = Debug|Any CPU
		{C0CC1A95-EB15-403C-A6F2-20C36E504CED}.Debug|x64.ActiveCfg = Debug|Any CPU
		{C0CC1A95-EB15-403C-A6F2-20C36E504CED}.Debug|x64.Build.0 = Debug|Any CPU
		{C0CC1A95-EB15-403C-A6F2-20C36E504CED}.Release|Any CPU.ActiveCfg = Release|Any CPU
		{C0CC1A95-EB15-403C-A6F2-20C36E504CED}.Release|Any CPU.Build.0 = Release|Any CPU
		{C0CC1A95-EB15-403C-A6F2-20C36E504CED}.Release|x64.ActiveCfg = Release|Any CPU
		{C0CC1A95-EB15-403C-A6F2-20C36E504CED}.Release|x64.Build.0 = Release|Any CPU
	EndGlobalSection
	GlobalSection(SolutionProperties) = preSolution
		HideSolutionNode = FALSE
	EndGlobalSection
	GlobalSection(ExtensibilityGlobals) = postSolution
		SolutionGuid = {293FE7AF-AFC0-4C64-A9EF-8D75C9459CF1}
	EndGlobalSection
EndGlobal
